
Microsoft Visual Studio Solution File, Format Version 12.00
# Visual Studio Version 17
VisualStudioVersion = 17.9.34728.123
MinimumVisualStudioVersion = 10.0.40219.1
Project("{9A19103F-16F7-4668-BE54-9A1E7A4F7556}") = "Curus.API", "Curus.API\Curus.API.csproj", "{E8F5308B-DC9B-48DB-A201-3CABC12DBFAA}"
EndProject
Project("{9A19103F-16F7-4668-BE54-9A1E7A4F7556}") = "Curus.Service", "Curus.Service\Curus.Service.csproj", "{7F471BE6-4720-41AB-AFE4-7FCD1BFF98C1}"
EndProject
Project("{9A19103F-16F7-4668-BE54-9A1E7A4F7556}") = "Curus.Repository", "Curus.Repository\Curus.Repository.csproj", "{22034431-602F-4B01-8855-D6952767500E}"
EndProject
Project("{9A19103F-16F7-4668-BE54-9A1E7A4F7556}") = "Curus.Test", "Curus.Test\Curus.Test.csproj", "{EBAC2670-435B-4638-B5C3-B4321A590243}"
EndProject
Project("{E53339B2-1760-4266-BCC7-CA923CBCF16C}") = "docker-compose", "docker-compose.dcproj", "{3B0CEA93-F16E-43B9-ABF5-E004E06D701D}"
EndProject
Global
	GlobalSection(SolutionConfigurationPlatforms) = preSolution
		Debug|Any CPU = Debug|Any CPU
		Release|Any CPU = Release|Any CPU
	EndGlobalSection
	GlobalSection(ProjectConfigurationPlatforms) = postSolution
		{E8F5308B-DC9B-48DB-A201-3CABC12DBFAA}.Debug|Any CPU.ActiveCfg = Debug|Any CPU
		{E8F5308B-DC9B-48DB-A201-3CABC12DBFAA}.Debug|Any CPU.Build.0 = Debug|Any CPU
		{E8F5308B-DC9B-48DB-A201-3CABC12DBFAA}.Release|Any CPU.ActiveCfg = Release|Any CPU
		{E8F5308B-DC9B-48DB-A201-3CABC12DBFAA}.Release|Any CPU.Build.0 = Release|Any CPU
		{7F471BE6-4720-41AB-AFE4-7FCD1BFF98C1}.Debug|Any CPU.ActiveCfg = Debug|Any CPU
		{7F471BE6-4720-41AB-AFE4-7FCD1BFF98C1}.Debug|Any CPU.Build.0 = Debug|Any CPU
		{7F471BE6-4720-41AB-AFE4-7FCD1BFF98C1}.Release|Any CPU.ActiveCfg = Release|Any CPU
		{7F471BE6-4720-41AB-AFE4-7FCD1BFF98C1}.Release|Any CPU.Build.0 = Release|Any CPU
		{22034431-602F-4B01-8855-D6952767500E}.Debug|Any CPU.ActiveCfg = Debug|Any CPU
		{22034431-602F-4B01-8855-D6952767500E}.Debug|Any CPU.Build.0 = Debug|Any CPU
		{22034431-602F-4B01-8855-D6952767500E}.Release|Any CPU.ActiveCfg = Release|Any CPU
		{22034431-602F-4B01-8855-D6952767500E}.Release|Any CPU.Build.0 = Release|Any CPU
		{EBAC2670-435B-4638-B5C3-B4321A590243}.Debug|Any CPU.ActiveCfg = Debug|Any CPU
		{EBAC2670-435B-4638-B5C3-B4321A590243}.Debug|Any CPU.Build.0 = Debug|Any CPU
		{EBAC2670-435B-4638-B5C3-B4321A590243}.Release|Any CPU.ActiveCfg = Release|Any CPU
		{EBAC2670-435B-4638-B5C3-B4321A590243}.Release|Any CPU.Build.0 = Release|Any CPU
		{3B0CEA93-F16E-43B9-ABF5-E004E06D701D}.Debug|Any CPU.ActiveCfg = Debug|Any CPU
		{3B0CEA93-F16E-43B9-ABF5-E004E06D701D}.Debug|Any CPU.Build.0 = Debug|Any CPU
		{3B0CEA93-F16E-43B9-ABF5-E004E06D701D}.Release|Any CPU.ActiveCfg = Release|Any CPU
		{3B0CEA93-F16E-43B9-ABF5-E004E06D701D}.Release|Any CPU.Build.0 = Release|Any CPU
	EndGlobalSection
	GlobalSection(SolutionProperties) = preSolution
		HideSolutionNode = FALSE
	EndGlobalSection
EndGlobal
